// !$*UTF8*$!
{
	archiveVersion = 1;
	classes = {
	};
	objectVersion = 56;
	objects = {

/* Begin PBXBuildFile section */
		687913112A0900B400B64840 /* LogInView.swift in Sources */ = {isa = PBXBuildFile; fileRef = 687913102A0900B400B64840 /* LogInView.swift */; };
		68A331CB29C3C83B00457300 /* GoogleService-Info.plist in Resources */ = {isa = PBXBuildFile; fileRef = 68A331CA29C3C83B00457300 /* GoogleService-Info.plist */; };
		68A331CE29C3C8F400457300 /* FirebaseAnalytics in Frameworks */ = {isa = PBXBuildFile; productRef = 68A331CD29C3C8F400457300 /* FirebaseAnalytics */; };
		68A331D029C3C8F400457300 /* FirebaseAuth in Frameworks */ = {isa = PBXBuildFile; productRef = 68A331CF29C3C8F400457300 /* FirebaseAuth */; };
		68A331D229C3C8F400457300 /* FirebaseAuthCombine-Community in Frameworks */ = {isa = PBXBuildFile; productRef = 68A331D129C3C8F400457300 /* FirebaseAuthCombine-Community */; };
		68A331D429C3C8F400457300 /* FirebaseDatabase in Frameworks */ = {isa = PBXBuildFile; productRef = 68A331D329C3C8F400457300 /* FirebaseDatabase */; };
		68A331D629C3C8F400457300 /* FirebaseDatabaseSwift in Frameworks */ = {isa = PBXBuildFile; productRef = 68A331D529C3C8F400457300 /* FirebaseDatabaseSwift */; };
		68A331D829C3C8F400457300 /* FirebaseFirestore in Frameworks */ = {isa = PBXBuildFile; productRef = 68A331D729C3C8F400457300 /* FirebaseFirestore */; };
		68A331DA29C3C8F400457300 /* FirebaseFirestoreCombine-Community in Frameworks */ = {isa = PBXBuildFile; productRef = 68A331D929C3C8F400457300 /* FirebaseFirestoreCombine-Community */; };
		68A331DC29C3C8F400457300 /* FirebaseFirestoreSwift in Frameworks */ = {isa = PBXBuildFile; productRef = 68A331DB29C3C8F400457300 /* FirebaseFirestoreSwift */; };
		68A331DE29C3C8F400457300 /* FirebaseStorage in Frameworks */ = {isa = PBXBuildFile; productRef = 68A331DD29C3C8F400457300 /* FirebaseStorage */; };
		68A331E029C3C8F400457300 /* FirebaseStorageCombine-Community in Frameworks */ = {isa = PBXBuildFile; productRef = 68A331DF29C3C8F400457300 /* FirebaseStorageCombine-Community */; };
		68D255CF29BBDE13003A306A /* QuizzicApp.swift in Sources */ = {isa = PBXBuildFile; fileRef = 68D255CE29BBDE13003A306A /* QuizzicApp.swift */; };
		68D255D329BBDE14003A306A /* Assets.xcassets in Resources */ = {isa = PBXBuildFile; fileRef = 68D255D229BBDE14003A306A /* Assets.xcassets */; };
		68D255D629BBDE14003A306A /* Preview Assets.xcassets in Resources */ = {isa = PBXBuildFile; fileRef = 68D255D529BBDE14003A306A /* Preview Assets.xcassets */; };
		68D255E029BBDE14003A306A /* QuizzicTests.swift in Sources */ = {isa = PBXBuildFile; fileRef = 68D255DF29BBDE14003A306A /* QuizzicTests.swift */; };
		68D255EA29BBDE14003A306A /* QuizzicUITests.swift in Sources */ = {isa = PBXBuildFile; fileRef = 68D255E929BBDE14003A306A /* QuizzicUITests.swift */; };
		68D255EC29BBDE14003A306A /* QuizzicUITestsLaunchTests.swift in Sources */ = {isa = PBXBuildFile; fileRef = 68D255EB29BBDE14003A306A /* QuizzicUITestsLaunchTests.swift */; };
/* End PBXBuildFile section */

/* Begin PBXContainerItemProxy section */
		68D255DC29BBDE14003A306A /* PBXContainerItemProxy */ = {
			isa = PBXContainerItemProxy;
			containerPortal = 68D255C329BBDE13003A306A /* Project object */;
			proxyType = 1;
			remoteGlobalIDString = 68D255CA29BBDE13003A306A;
			remoteInfo = Quizzic;
		};
		68D255E629BBDE14003A306A /* PBXContainerItemProxy */ = {
			isa = PBXContainerItemProxy;
			containerPortal = 68D255C329BBDE13003A306A /* Project object */;
			proxyType = 1;
			remoteGlobalIDString = 68D255CA29BBDE13003A306A;
			remoteInfo = Quizzic;
		};
/* End PBXContainerItemProxy section */

/* Begin PBXFileReference section */
		687913102A0900B400B64840 /* LogInView.swift */ = {isa = PBXFileReference; lastKnownFileType = sourcecode.swift; path = LogInView.swift; sourceTree = "<group>"; };
		68A331CA29C3C83B00457300 /* GoogleService-Info.plist */ = {isa = PBXFileReference; fileEncoding = 4; lastKnownFileType = text.plist.xml; path = "GoogleService-Info.plist"; sourceTree = "<group>"; };
		68D255CB29BBDE13003A306A /* Quizzic.app */ = {isa = PBXFileReference; explicitFileType = wrapper.application; includeInIndex = 0; path = Quizzic.app; sourceTree = BUILT_PRODUCTS_DIR; };
		68D255CE29BBDE13003A306A /* QuizzicApp.swift */ = {isa = PBXFileReference; lastKnownFileType = sourcecode.swift; path = QuizzicApp.swift; sourceTree = "<group>"; };
		68D255D229BBDE14003A306A /* Assets.xcassets */ = {isa = PBXFileReference; lastKnownFileType = folder.assetcatalog; path = Assets.xcassets; sourceTree = "<group>"; };
		68D255D529BBDE14003A306A /* Preview Assets.xcassets */ = {isa = PBXFileReference; lastKnownFileType = folder.assetcatalog; path = "Preview Assets.xcassets"; sourceTree = "<group>"; };
		68D255DB29BBDE14003A306A /* QuizzicTests.xctest */ = {isa = PBXFileReference; explicitFileType = wrapper.cfbundle; includeInIndex = 0; path = QuizzicTests.xctest; sourceTree = BUILT_PRODUCTS_DIR; };
		68D255DF29BBDE14003A306A /* QuizzicTests.swift */ = {isa = PBXFileReference; lastKnownFileType = sourcecode.swift; path = QuizzicTests.swift; sourceTree = "<group>"; };
		68D255E529BBDE14003A306A /* QuizzicUITests.xctest */ = {isa = PBXFileReference; explicitFileType = wrapper.cfbundle; includeInIndex = 0; path = QuizzicUITests.xctest; sourceTree = BUILT_PRODUCTS_DIR; };
		68D255E929BBDE14003A306A /* QuizzicUITests.swift */ = {isa = PBXFileReference; lastKnownFileType = sourcecode.swift; path = QuizzicUITests.swift; sourceTree = "<group>"; };
		68D255EB29BBDE14003A306A /* QuizzicUITestsLaunchTests.swift */ = {isa = PBXFileReference; lastKnownFileType = sourcecode.swift; path = QuizzicUITestsLaunchTests.swift; sourceTree = "<group>"; };
/* End PBXFileReference section */

/* Begin PBXFrameworksBuildPhase section */
		68D255C829BBDE13003A306A /* Frameworks */ = {
			isa = PBXFrameworksBuildPhase;
			buildActionMask = 2147483647;
			files = (
				68A331D629C3C8F400457300 /* FirebaseDatabaseSwift in Frameworks */,
				68A331CE29C3C8F400457300 /* FirebaseAnalytics in Frameworks */,
				68A331E029C3C8F400457300 /* FirebaseStorageCombine-Community in Frameworks */,
				68A331DE29C3C8F400457300 /* FirebaseStorage in Frameworks */,
				68A331D229C3C8F400457300 /* FirebaseAuthCombine-Community in Frameworks */,
				68A331D429C3C8F400457300 /* FirebaseDatabase in Frameworks */,
				68A331D029C3C8F400457300 /* FirebaseAuth in Frameworks */,
				68A331D829C3C8F400457300 /* FirebaseFirestore in Frameworks */,
				68A331DA29C3C8F400457300 /* FirebaseFirestoreCombine-Community in Frameworks */,
				68A331DC29C3C8F400457300 /* FirebaseFirestoreSwift in Frameworks */,
			);
			runOnlyForDeploymentPostprocessing = 0;
		};
		68D255D829BBDE14003A306A /* Frameworks */ = {
			isa = PBXFrameworksBuildPhase;
			buildActionMask = 2147483647;
			files = (
			);
			runOnlyForDeploymentPostprocessing = 0;
		};
		68D255E229BBDE14003A306A /* Frameworks */ = {
			isa = PBXFrameworksBuildPhase;
			buildActionMask = 2147483647;
			files = (
			);
			runOnlyForDeploymentPostprocessing = 0;
		};
/* End PBXFrameworksBuildPhase section */

/* Begin PBXGroup section */
		6879130F2A09009E00B64840 /* Views */ = {
			isa = PBXGroup;
			children = (
				687913102A0900B400B64840 /* LogInView.swift */,
			);
			path = Views;
			sourceTree = "<group>";
		};
		68D255C229BBDE13003A306A = {
			isa = PBXGroup;
			children = (
				68D255CD29BBDE13003A306A /* Quizzic */,
				68D255DE29BBDE14003A306A /* QuizzicTests */,
				68D255E829BBDE14003A306A /* QuizzicUITests */,
				68D255CC29BBDE13003A306A /* Products */,
			);
			sourceTree = "<group>";
		};
		68D255CC29BBDE13003A306A /* Products */ = {
			isa = PBXGroup;
			children = (
				68D255CB29BBDE13003A306A /* Quizzic.app */,
				68D255DB29BBDE14003A306A /* QuizzicTests.xctest */,
				68D255E529BBDE14003A306A /* QuizzicUITests.xctest */,
			);
			name = Products;
			sourceTree = "<group>";
		};
		68D255CD29BBDE13003A306A /* Quizzic */ = {
			isa = PBXGroup;
			children = (
				6879130F2A09009E00B64840 /* Views */,
				68D255CE29BBDE13003A306A /* QuizzicApp.swift */,
				68A331CA29C3C83B00457300 /* GoogleService-Info.plist */,
				68D255D229BBDE14003A306A /* Assets.xcassets */,
				68D255D429BBDE14003A306A /* Preview Content */,
			);
			path = Quizzic;
			sourceTree = "<group>";
		};
		68D255D429BBDE14003A306A /* Preview Content */ = {
			isa = PBXGroup;
			children = (
				68D255D529BBDE14003A306A /* Preview Assets.xcassets */,
			);
			path = "Preview Content";
			sourceTree = "<group>";
		};
		68D255DE29BBDE14003A306A /* QuizzicTests */ = {
			isa = PBXGroup;
			children = (
				68D255DF29BBDE14003A306A /* QuizzicTests.swift */,
			);
			path = QuizzicTests;
			sourceTree = "<group>";
		};
		68D255E829BBDE14003A306A /* QuizzicUITests */ = {
			isa = PBXGroup;
			children = (
				68D255E929BBDE14003A306A /* QuizzicUITests.swift */,
				68D255EB29BBDE14003A306A /* QuizzicUITestsLaunchTests.swift */,
			);
			path = QuizzicUITests;
			sourceTree = "<group>";
		};
/* End PBXGroup section */

/* Begin PBXNativeTarget section */
		68D255CA29BBDE13003A306A /* Quizzic */ = {
			isa = PBXNativeTarget;
			buildConfigurationList = 68D255EF29BBDE14003A306A /* Build configuration list for PBXNativeTarget "Quizzic" */;
			buildPhases = (
				68D255C729BBDE13003A306A /* Sources */,
				68D255C829BBDE13003A306A /* Frameworks */,
				68D255C929BBDE13003A306A /* Resources */,
			);
			buildRules = (
			);
			dependencies = (
			);
			name = Quizzic;
			packageProductDependencies = (
				68A331CD29C3C8F400457300 /* FirebaseAnalytics */,
				68A331CF29C3C8F400457300 /* FirebaseAuth */,
				68A331D129C3C8F400457300 /* FirebaseAuthCombine-Community */,
				68A331D329C3C8F400457300 /* FirebaseDatabase */,
				68A331D529C3C8F400457300 /* FirebaseDatabaseSwift */,
				68A331D729C3C8F400457300 /* FirebaseFirestore */,
				68A331D929C3C8F400457300 /* FirebaseFirestoreCombine-Community */,
				68A331DB29C3C8F400457300 /* FirebaseFirestoreSwift */,
				68A331DD29C3C8F400457300 /* FirebaseStorage */,
				68A331DF29C3C8F400457300 /* FirebaseStorageCombine-Community */,
			);
			productName = Quizzic;
			productReference = 68D255CB29BBDE13003A306A /* Quizzic.app */;
			productType = "com.apple.product-type.application";
		};
		68D255DA29BBDE14003A306A /* QuizzicTests */ = {
			isa = PBXNativeTarget;
			buildConfigurationList = 68D255F229BBDE14003A306A /* Build configuration list for PBXNativeTarget "QuizzicTests" */;
			buildPhases = (
				68D255D729BBDE14003A306A /* Sources */,
				68D255D829BBDE14003A306A /* Frameworks */,
				68D255D929BBDE14003A306A /* Resources */,
			);
			buildRules = (
			);
			dependencies = (
				68D255DD29BBDE14003A306A /* PBXTargetDependency */,
			);
			name = QuizzicTests;
			productName = QuizzicTests;
			productReference = 68D255DB29BBDE14003A306A /* QuizzicTests.xctest */;
			productType = "com.apple.product-type.bundle.unit-test";
		};
		68D255E429BBDE14003A306A /* QuizzicUITests */ = {
			isa = PBXNativeTarget;
			buildConfigurationList = 68D255F529BBDE14003A306A /* Build configuration list for PBXNativeTarget "QuizzicUITests" */;
			buildPhases = (
				68D255E129BBDE14003A306A /* Sources */,
				68D255E229BBDE14003A306A /* Frameworks */,
				68D255E329BBDE14003A306A /* Resources */,
			);
			buildRules = (
			);
			dependencies = (
				68D255E729BBDE14003A306A /* PBXTargetDependency */,
			);
			name = QuizzicUITests;
			productName = QuizzicUITests;
			productReference = 68D255E529BBDE14003A306A /* QuizzicUITests.xctest */;
			productType = "com.apple.product-type.bundle.ui-testing";
		};
/* End PBXNativeTarget section */

/* Begin PBXProject section */
		68D255C329BBDE13003A306A /* Project object */ = {
			isa = PBXProject;
			attributes = {
				BuildIndependentTargetsInParallel = 1;
				LastSwiftUpdateCheck = 1420;
				LastUpgradeCheck = 1420;
				TargetAttributes = {
					68D255CA29BBDE13003A306A = {
						CreatedOnToolsVersion = 14.2;
					};
					68D255DA29BBDE14003A306A = {
						CreatedOnToolsVersion = 14.2;
						TestTargetID = 68D255CA29BBDE13003A306A;
					};
					68D255E429BBDE14003A306A = {
						CreatedOnToolsVersion = 14.2;
						TestTargetID = 68D255CA29BBDE13003A306A;
					};
				};
			};
			buildConfigurationList = 68D255C629BBDE13003A306A /* Build configuration list for PBXProject "Quizzic" */;
			compatibilityVersion = "Xcode 14.0";
			developmentRegion = en;
			hasScannedForEncodings = 0;
			knownRegions = (
				en,
				Base,
			);
			mainGroup = 68D255C229BBDE13003A306A;
			packageReferences = (
				68A331CC29C3C8F400457300 /* XCRemoteSwiftPackageReference "firebase-ios-sdk" */,
			);
			productRefGroup = 68D255CC29BBDE13003A306A /* Products */;
			projectDirPath = "";
			projectRoot = "";
			targets = (
				68D255CA29BBDE13003A306A /* Quizzic */,
				68D255DA29BBDE14003A306A /* QuizzicTests */,
				68D255E429BBDE14003A306A /* QuizzicUITests */,
			);
		};
/* End PBXProject section */

/* Begin PBXResourcesBuildPhase section */
		68D255C929BBDE13003A306A /* Resources */ = {
			isa = PBXResourcesBuildPhase;
			buildActionMask = 2147483647;
			files = (
				68D255D629BBDE14003A306A /* Preview Assets.xcassets in Resources */,
				68D255D329BBDE14003A306A /* Assets.xcassets in Resources */,
				68A331CB29C3C83B00457300 /* GoogleService-Info.plist in Resources */,
			);
			runOnlyForDeploymentPostprocessing = 0;
		};
		68D255D929BBDE14003A306A /* Resources */ = {
			isa = PBXResourcesBuildPhase;
			buildActionMask = 2147483647;
			files = (
			);
			runOnlyForDeploymentPostprocessing = 0;
		};
		68D255E329BBDE14003A306A /* Resources */ = {
			isa = PBXResourcesBuildPhase;
			buildActionMask = 2147483647;
			files = (
			);
			runOnlyForDeploymentPostprocessing = 0;
		};
/* End PBXResourcesBuildPhase section */

/* Begin PBXSourcesBuildPhase section */
		68D255C729BBDE13003A306A /* Sources */ = {
			isa = PBXSourcesBuildPhase;
			buildActionMask = 2147483647;
			files = (
				687913112A0900B400B64840 /* LogInView.swift in Sources */,
				68D255CF29BBDE13003A306A /* QuizzicApp.swift in Sources */,
			);
			runOnlyForDeploymentPostprocessing = 0;
		};
		68D255D729BBDE14003A306A /* Sources */ = {
			isa = PBXSourcesBuildPhase;
			buildActionMask = 2147483647;
			files = (
				68D255E029BBDE14003A306A /* QuizzicTests.swift in Sources */,
			);
			runOnlyForDeploymentPostprocessing = 0;
		};
		68D255E129BBDE14003A306A /* Sources */ = {
			isa = PBXSourcesBuildPhase;
			buildActionMask = 2147483647;
			files = (
				68D255EC29BBDE14003A306A /* QuizzicUITestsLaunchTests.swift in Sources */,
				68D255EA29BBDE14003A306A /* QuizzicUITests.swift in Sources */,
			);
			runOnlyForDeploymentPostprocessing = 0;
		};
/* End PBXSourcesBuildPhase section */

/* Begin PBXTargetDependency section */
		68D255DD29BBDE14003A306A /* PBXTargetDependency */ = {
			isa = PBXTargetDependency;
			target = 68D255CA29BBDE13003A306A /* Quizzic */;
			targetProxy = 68D255DC29BBDE14003A306A /* PBXContainerItemProxy */;
		};
		68D255E729BBDE14003A306A /* PBXTargetDependency */ = {
			isa = PBXTargetDependency;
			target = 68D255CA29BBDE13003A306A /* Quizzic */;
			targetProxy = 68D255E629BBDE14003A306A /* PBXContainerItemProxy */;
		};
/* End PBXTargetDependency section */

/* Begin XCBuildConfiguration section */
		68D255ED29BBDE14003A306A /* Debug */ = {
			isa = XCBuildConfiguration;
			buildSettings = {
				ALWAYS_SEARCH_USER_PATHS = NO;
				CLANG_ANALYZER_NONNULL = YES;
				CLANG_ANALYZER_NUMBER_OBJECT_CONVERSION = YES_AGGRESSIVE;
				CLANG_CXX_LANGUAGE_STANDARD = "gnu++20";
				CLANG_ENABLE_MODULES = YES;
				CLANG_ENABLE_OBJC_ARC = YES;
				CLANG_ENABLE_OBJC_WEAK = YES;
				CLANG_WARN_BLOCK_CAPTURE_AUTORELEASING = YES;
				CLANG_WARN_BOOL_CONVERSION = YES;
				CLANG_WARN_COMMA = YES;
				CLANG_WARN_CONSTANT_CONVERSION = YES;
				CLANG_WARN_DEPRECATED_OBJC_IMPLEMENTATIONS = YES;
				CLANG_WARN_DIRECT_OBJC_ISA_USAGE = YES_ERROR;
				CLANG_WARN_DOCUMENTATION_COMMENTS = YES;
				CLANG_WARN_EMPTY_BODY = YES;
				CLANG_WARN_ENUM_CONVERSION = YES;
				CLANG_WARN_INFINITE_RECURSION = YES;
				CLANG_WARN_INT_CONVERSION = YES;
				CLANG_WARN_NON_LITERAL_NULL_CONVERSION = YES;
				CLANG_WARN_OBJC_IMPLICIT_RETAIN_SELF = YES;
				CLANG_WARN_OBJC_LITERAL_CONVERSION = YES;
				CLANG_WARN_OBJC_ROOT_CLASS = YES_ERROR;
				CLANG_WARN_QUOTED_INCLUDE_IN_FRAMEWORK_HEADER = YES;
				CLANG_WARN_RANGE_LOOP_ANALYSIS = YES;
				CLANG_WARN_STRICT_PROTOTYPES = YES;
				CLANG_WARN_SUSPICIOUS_MOVE = YES;
				CLANG_WARN_UNGUARDED_AVAILABILITY = YES_AGGRESSIVE;
				CLANG_WARN_UNREACHABLE_CODE = YES;
				CLANG_WARN__DUPLICATE_METHOD_MATCH = YES;
				COPY_PHASE_STRIP = NO;
				DEBUG_INFORMATION_FORMAT = dwarf;
				ENABLE_STRICT_OBJC_MSGSEND = YES;
				ENABLE_TESTABILITY = YES;
				GCC_C_LANGUAGE_STANDARD = gnu11;
				GCC_DYNAMIC_NO_PIC = NO;
				GCC_NO_COMMON_BLOCKS = YES;
				GCC_OPTIMIZATION_LEVEL = 0;
				GCC_PREPROCESSOR_DEFINITIONS = (
					"DEBUG=1",
					"$(inherited)",
				);
				GCC_WARN_64_TO_32_BIT_CONVERSION = YES;
				GCC_WARN_ABOUT_RETURN_TYPE = YES_ERROR;
				GCC_WARN_UNDECLARED_SELECTOR = YES;
				GCC_WARN_UNINITIALIZED_AUTOS = YES_AGGRESSIVE;
				GCC_WARN_UNUSED_FUNCTION = YES;
				GCC_WARN_UNUSED_VARIABLE = YES;
				IPHONEOS_DEPLOYMENT_TARGET = 16.2;
				MTL_ENABLE_DEBUG_INFO = INCLUDE_SOURCE;
				MTL_FAST_MATH = YES;
				ONLY_ACTIVE_ARCH = YES;
				SDKROOT = iphoneos;
				SWIFT_ACTIVE_COMPILATION_CONDITIONS = DEBUG;
				SWIFT_OPTIMIZATION_LEVEL = "-Onone";
			};
			name = Debug;
		};
		68D255EE29BBDE14003A306A /* Release */ = {
			isa = XCBuildConfiguration;
			buildSettings = {
				ALWAYS_SEARCH_USER_PATHS = NO;
				CLANG_ANALYZER_NONNULL = YES;
				CLANG_ANALYZER_NUMBER_OBJECT_CONVERSION = YES_AGGRESSIVE;
				CLANG_CXX_LANGUAGE_STANDARD = "gnu++20";
				CLANG_ENABLE_MODULES = YES;
				CLANG_ENABLE_OBJC_ARC = YES;
				CLANG_ENABLE_OBJC_WEAK = YES;
				CLANG_WARN_BLOCK_CAPTURE_AUTORELEASING = YES;
				CLANG_WARN_BOOL_CONVERSION = YES;
				CLANG_WARN_COMMA = YES;
				CLANG_WARN_CONSTANT_CONVERSION = YES;
				CLANG_WARN_DEPRECATED_OBJC_IMPLEMENTATIONS = YES;
				CLANG_WARN_DIRECT_OBJC_ISA_USAGE = YES_ERROR;
				CLANG_WARN_DOCUMENTATION_COMMENTS = YES;
				CLANG_WARN_EMPTY_BODY = YES;
				CLANG_WARN_ENUM_CONVERSION = YES;
				CLANG_WARN_INFINITE_RECURSION = YES;
				CLANG_WARN_INT_CONVERSION = YES;
				CLANG_WARN_NON_LITERAL_NULL_CONVERSION = YES;
				CLANG_WARN_OBJC_IMPLICIT_RETAIN_SELF = YES;
				CLANG_WARN_OBJC_LITERAL_CONVERSION = YES;
				CLANG_WARN_OBJC_ROOT_CLASS = YES_ERROR;
				CLANG_WARN_QUOTED_INCLUDE_IN_FRAMEWORK_HEADER = YES;
				CLANG_WARN_RANGE_LOOP_ANALYSIS = YES;
				CLANG_WARN_STRICT_PROTOTYPES = YES;
				CLANG_WARN_SUSPICIOUS_MOVE = YES;
				CLANG_WARN_UNGUARDED_AVAILABILITY = YES_AGGRESSIVE;
				CLANG_WARN_UNREACHABLE_CODE = YES;
				CLANG_WARN__DUPLICATE_METHOD_MATCH = YES;
				COPY_PHASE_STRIP = NO;
				DEBUG_INFORMATION_FORMAT = "dwarf-with-dsym";
				ENABLE_NS_ASSERTIONS = NO;
				ENABLE_STRICT_OBJC_MSGSEND = YES;
				GCC_C_LANGUAGE_STANDARD = gnu11;
				GCC_NO_COMMON_BLOCKS = YES;
				GCC_WARN_64_TO_32_BIT_CONVERSION = YES;
				GCC_WARN_ABOUT_RETURN_TYPE = YES_ERROR;
				GCC_WARN_UNDECLARED_SELECTOR = YES;
				GCC_WARN_UNINITIALIZED_AUTOS = YES_AGGRESSIVE;
				GCC_WARN_UNUSED_FUNCTION = YES;
				GCC_WARN_UNUSED_VARIABLE = YES;
				IPHONEOS_DEPLOYMENT_TARGET = 16.2;
				MTL_ENABLE_DEBUG_INFO = NO;
				MTL_FAST_MATH = YES;
				SDKROOT = iphoneos;
				SWIFT_COMPILATION_MODE = wholemodule;
				SWIFT_OPTIMIZATION_LEVEL = "-O";
				VALIDATE_PRODUCT = YES;
			};
			name = Release;
		};
		68D255F029BBDE14003A306A /* Debug */ = {
			isa = XCBuildConfiguration;
			buildSettings = {
				ASSETCATALOG_COMPILER_APPICON_NAME = AppIcon;
				ASSETCATALOG_COMPILER_GLOBAL_ACCENT_COLOR_NAME = AccentColor;
				CODE_SIGN_STYLE = Automatic;
				CURRENT_PROJECT_VERSION = 1;
				DEVELOPMENT_ASSET_PATHS = "\"Quizzic/Preview Content\"";
				DEVELOPMENT_TEAM = 878WK3K4H7;
				ENABLE_PREVIEWS = YES;
				GENERATE_INFOPLIST_FILE = YES;
				INFOPLIST_KEY_UIApplicationSceneManifest_Generation = YES;
				INFOPLIST_KEY_UIApplicationSupportsIndirectInputEvents = YES;
				INFOPLIST_KEY_UILaunchScreen_Generation = YES;
				INFOPLIST_KEY_UISupportedInterfaceOrientations_iPad = "UIInterfaceOrientationPortrait UIInterfaceOrientationPortraitUpsideDown UIInterfaceOrientationLandscapeLeft UIInterfaceOrientationLandscapeRight";
				INFOPLIST_KEY_UISupportedInterfaceOrientations_iPhone = "UIInterfaceOrientationPortrait UIInterfaceOrientationLandscapeLeft UIInterfaceOrientationLandscapeRight";
				LD_RUNPATH_SEARCH_PATHS = (
					"$(inherited)",
					"@executable_path/Frameworks",
				);
				MARKETING_VERSION = 1.0;
				PRODUCT_BUNDLE_IDENTIFIER = AadityaShankar.Quizzic;
				PRODUCT_NAME = "$(TARGET_NAME)";
				SWIFT_EMIT_LOC_STRINGS = YES;
				SWIFT_VERSION = 5.0;
				TARGETED_DEVICE_FAMILY = "1,2";
			};
			name = Debug;
		};
		68D255F129BBDE14003A306A /* Release */ = {
			isa = XCBuildConfiguration;
			buildSettings = {
				ASSETCATALOG_COMPILER_APPICON_NAME = AppIcon;
				ASSETCATALOG_COMPILER_GLOBAL_ACCENT_COLOR_NAME = AccentColor;
				CODE_SIGN_STYLE = Automatic;
				CURRENT_PROJECT_VERSION = 1;
				DEVELOPMENT_ASSET_PATHS = "\"Quizzic/Preview Content\"";
				DEVELOPMENT_TEAM = 878WK3K4H7;
				ENABLE_PREVIEWS = YES;
				GENERATE_INFOPLIST_FILE = YES;
				INFOPLIST_KEY_UIApplicationSceneManifest_Generation = YES;
				INFOPLIST_KEY_UIApplicationSupportsIndirectInputEvents = YES;
				INFOPLIST_KEY_UILaunchScreen_Generation = YES;
				INFOPLIST_KEY_UISupportedInterfaceOrientations_iPad = "UIInterfaceOrientationPortrait UIInterfaceOrientationPortraitUpsideDown UIInterfaceOrientationLandscapeLeft UIInterfaceOrientationLandscapeRight";
				INFOPLIST_KEY_UISupportedInterfaceOrientations_iPhone = "UIInterfaceOrientationPortrait UIInterfaceOrientationLandscapeLeft UIInterfaceOrientationLandscapeRight";
				LD_RUNPATH_SEARCH_PATHS = (
					"$(inherited)",
					"@executable_path/Frameworks",
				);
				MARKETING_VERSION = 1.0;
				PRODUCT_BUNDLE_IDENTIFIER = AadityaShankar.Quizzic;
				PRODUCT_NAME = "$(TARGET_NAME)";
				SWIFT_EMIT_LOC_STRINGS = YES;
				SWIFT_VERSION = 5.0;
				TARGETED_DEVICE_FAMILY = "1,2";
			};
			name = Release;
		};
		68D255F329BBDE14003A306A /* Debug */ = {
			isa = XCBuildConfiguration;
			buildSettings = {
				ALWAYS_EMBED_SWIFT_STANDARD_LIBRARIES = YES;
				BUNDLE_LOADER = "$(TEST_HOST)";
				CODE_SIGN_STYLE = Automatic;
				CURRENT_PROJECT_VERSION = 1;
				DEVELOPMENT_TEAM = 878WK3K4H7;
				GENERATE_INFOPLIST_FILE = YES;
				IPHONEOS_DEPLOYMENT_TARGET = 16.2;
				MARKETING_VERSION = 1.0;
				PRODUCT_BUNDLE_IDENTIFIER = AadityaShankar.QuizzicTests;
				PRODUCT_NAME = "$(TARGET_NAME)";
				SWIFT_EMIT_LOC_STRINGS = NO;
				SWIFT_VERSION = 5.0;
				TARGETED_DEVICE_FAMILY = "1,2";
				TEST_HOST = "$(BUILT_PRODUCTS_DIR)/Quizzic.app/$(BUNDLE_EXECUTABLE_FOLDER_PATH)/Quizzic";
			};
			name = Debug;
		};
		68D255F429BBDE14003A306A /* Release */ = {
			isa = XCBuildConfiguration;
			buildSettings = {
				ALWAYS_EMBED_SWIFT_STANDARD_LIBRARIES = YES;
				BUNDLE_LOADER = "$(TEST_HOST)";
				CODE_SIGN_STYLE = Automatic;
				CURRENT_PROJECT_VERSION = 1;
				DEVELOPMENT_TEAM = 878WK3K4H7;
				GENERATE_INFOPLIST_FILE = YES;
				IPHONEOS_DEPLOYMENT_TARGET = 16.2;
				MARKETING_VERSION = 1.0;
				PRODUCT_BUNDLE_IDENTIFIER = AadityaShankar.QuizzicTests;
				PRODUCT_NAME = "$(TARGET_NAME)";
				SWIFT_EMIT_LOC_STRINGS = NO;
				SWIFT_VERSION = 5.0;
				TARGETED_DEVICE_FAMILY = "1,2";
				TEST_HOST = "$(BUILT_PRODUCTS_DIR)/Quizzic.app/$(BUNDLE_EXECUTABLE_FOLDER_PATH)/Quizzic";
			};
			name = Release;
		};
		68D255F629BBDE14003A306A /* Debug */ = {
			isa = XCBuildConfiguration;
			buildSettings = {
				ALWAYS_EMBED_SWIFT_STANDARD_LIBRARIES = YES;
				CODE_SIGN_STYLE = Automatic;
				CURRENT_PROJECT_VERSION = 1;
				DEVELOPMENT_TEAM = 878WK3K4H7;
				GENERATE_INFOPLIST_FILE = YES;
				MARKETING_VERSION = 1.0;
				PRODUCT_BUNDLE_IDENTIFIER = AadityaShankar.QuizzicUITests;
				PRODUCT_NAME = "$(TARGET_NAME)";
				SWIFT_EMIT_LOC_STRINGS = NO;
				SWIFT_VERSION = 5.0;
				TARGETED_DEVICE_FAMILY = "1,2";
				TEST_TARGET_NAME = Quizzic;
			};
			name = Debug;
		};
		68D255F729BBDE14003A306A /* Release */ = {
			isa = XCBuildConfiguration;
			buildSettings = {
				ALWAYS_EMBED_SWIFT_STANDARD_LIBRARIES = YES;
				CODE_SIGN_STYLE = Automatic;
				CURRENT_PROJECT_VERSION = 1;
				DEVELOPMENT_TEAM = 878WK3K4H7;
				GENERATE_INFOPLIST_FILE = YES;
				MARKETING_VERSION = 1.0;
				PRODUCT_BUNDLE_IDENTIFIER = AadityaShankar.QuizzicUITests;
				PRODUCT_NAME = "$(TARGET_NAME)";
				SWIFT_EMIT_LOC_STRINGS = NO;
				SWIFT_VERSION = 5.0;
				TARGETED_DEVICE_FAMILY = "1,2";
				TEST_TARGET_NAME = Quizzic;
			};
			name = Release;
		};
/* End XCBuildConfiguration section */

/* Begin XCConfigurationList section */
		68D255C629BBDE13003A306A /* Build configuration list for PBXProject "Quizzic" */ = {
			isa = XCConfigurationList;
			buildConfigurations = (
				68D255ED29BBDE14003A306A /* Debug */,
				68D255EE29BBDE14003A306A /* Release */,
			);
			defaultConfigurationIsVisible = 0;
			defaultConfigurationName = Release;
		};
		68D255EF29BBDE14003A306A /* Build configuration list for PBXNativeTarget "Quizzic" */ = {
			isa = XCConfigurationList;
			buildConfigurations = (
				68D255F029BBDE14003A306A /* Debug */,
				68D255F129BBDE14003A306A /* Release */,
			);
			defaultConfigurationIsVisible = 0;
			defaultConfigurationName = Release;
		};
		68D255F229BBDE14003A306A /* Build configuration list for PBXNativeTarget "QuizzicTests" */ = {
			isa = XCConfigurationList;
			buildConfigurations = (
				68D255F329BBDE14003A306A /* Debug */,
				68D255F429BBDE14003A306A /* Release */,
			);
			defaultConfigurationIsVisible = 0;
			defaultConfigurationName = Release;
		};
		68D255F529BBDE14003A306A /* Build configuration list for PBXNativeTarget "QuizzicUITests" */ = {
			isa = XCConfigurationList;
			buildConfigurations = (
				68D255F629BBDE14003A306A /* Debug */,
				68D255F729BBDE14003A306A /* Release */,
			);
			defaultConfigurationIsVisible = 0;
			defaultConfigurationName = Release;
		};
/* End XCConfigurationList section */

/* Begin XCRemoteSwiftPackageReference section */
		68A331CC29C3C8F400457300 /* XCRemoteSwiftPackageReference "firebase-ios-sdk" */ = {
			isa = XCRemoteSwiftPackageReference;
			repositoryURL = "https://github.com/firebase/firebase-ios-sdk";
			requirement = {
				branch = master;
				kind = branch;
			};
		};
/* End XCRemoteSwiftPackageReference section */

/* Begin XCSwiftPackageProductDependency section */
		68A331CD29C3C8F400457300 /* FirebaseAnalytics */ = {
			isa = XCSwiftPackageProductDependency;
			package = 68A331CC29C3C8F400457300 /* XCRemoteSwiftPackageReference "firebase-ios-sdk" */;
			productName = FirebaseAnalytics;
		};
		68A331CF29C3C8F400457300 /* FirebaseAuth */ = {
			isa = XCSwiftPackageProductDependency;
			package = 68A331CC29C3C8F400457300 /* XCRemoteSwiftPackageReference "firebase-ios-sdk" */;
			productName = FirebaseAuth;
		};
		68A331D129C3C8F400457300 /* FirebaseAuthCombine-Community */ = {
			isa = XCSwiftPackageProductDependency;
			package = 68A331CC29C3C8F400457300 /* XCRemoteSwiftPackageReference "firebase-ios-sdk" */;
			productName = "FirebaseAuthCombine-Community";
		};
		68A331D329C3C8F400457300 /* FirebaseDatabase */ = {
			isa = XCSwiftPackageProductDependency;
			package = 68A331CC29C3C8F400457300 /* XCRemoteSwiftPackageReference "firebase-ios-sdk" */;
			productName = FirebaseDatabase;
		};
		68A331D529C3C8F400457300 /* FirebaseDatabaseSwift */ = {
			isa = XCSwiftPackageProductDependency;
			package = 68A331CC29C3C8F400457300 /* XCRemoteSwiftPackageReference "firebase-ios-sdk" */;
			productName = FirebaseDatabaseSwift;
		};
		68A331D729C3C8F400457300 /* FirebaseFirestore */ = {
			isa = XCSwiftPackageProductDependency;
			package = 68A331CC29C3C8F400457300 /* XCRemoteSwiftPackageReference "firebase-ios-sdk" */;
			productName = FirebaseFirestore;
		};
		68A331D929C3C8F400457300 /* FirebaseFirestoreCombine-Community */ = {
			isa = XCSwiftPackageProductDependency;
			package = 68A331CC29C3C8F400457300 /* XCRemoteSwiftPackageReference "firebase-ios-sdk" */;
			productName = "FirebaseFirestoreCombine-Community";
		};
		68A331DB29C3C8F400457300 /* FirebaseFirestoreSwift */ = {
			isa = XCSwiftPackageProductDependency;
			package = 68A331CC29C3C8F400457300 /* XCRemoteSwiftPackageReference "firebase-ios-sdk" */;
			productName = FirebaseFirestoreSwift;
		};
		68A331DD29C3C8F400457300 /* FirebaseStorage */ = {
			isa = XCSwiftPackageProductDependency;
			package = 68A331CC29C3C8F400457300 /* XCRemoteSwiftPackageReference "firebase-ios-sdk" */;
			productName = FirebaseStorage;
		};
		68A331DF29C3C8F400457300 /* FirebaseStorageCombine-Community */ = {
			isa = XCSwiftPackageProductDependency;
			package = 68A331CC29C3C8F400457300 /* XCRemoteSwiftPackageReference "firebase-ios-sdk" */;
			productName = "FirebaseStorageCombine-Community";
		};
/* End XCSwiftPackageProductDependency section */
	};
	rootObject = 68D255C329BBDE13003A306A /* Project object */;
}
